// !$*UTF8*$!
{
	archiveVersion = 1;
	classes = {
	};
	objectVersion = 46;
	objects = {

/* Begin PBXBuildFile section */
		B520935D1E463E6800618C60 /* harp.mp3 in Resources */ = {isa = PBXBuildFile; fileRef = B52093581E463E6800618C60 /* harp.mp3 */; };
		B520935E1E463E6800618C60 /* ding.mp3 in Resources */ = {isa = PBXBuildFile; fileRef = B52093591E463E6800618C60 /* ding.mp3 */; };
		B520935F1E463E6800618C60 /* buzzer.mp3 in Resources */ = {isa = PBXBuildFile; fileRef = B520935A1E463E6800618C60 /* buzzer.mp3 */; };
		B52093601E463E6800618C60 /* alarm.mp3 in Resources */ = {isa = PBXBuildFile; fileRef = B520935B1E463E6800618C60 /* alarm.mp3 */; };
		B52093641E463F3F00618C60 /* tick.mp3 in Resources */ = {isa = PBXBuildFile; fileRef = B52093631E463F3F00618C60 /* tick.mp3 */; };
		B52093671E46E04100618C60 /* GameKit.framework in Frameworks */ = {isa = PBXBuildFile; fileRef = B52093661E46E04100618C60 /* GameKit.framework */; };
		B5978FD01E3E39F400BEAFDF /* VCBackgroundView.swift in Sources */ = {isa = PBXBuildFile; fileRef = B5978FCF1E3E39F400BEAFDF /* VCBackgroundView.swift */; };
		B5978FD21E3E467E00BEAFDF /* VCAppController.swift in Sources */ = {isa = PBXBuildFile; fileRef = B5978FD11E3E467E00BEAFDF /* VCAppController.swift */; };
		B5978FD41E3EE74A00BEAFDF /* VCVernierView.swift in Sources */ = {isa = PBXBuildFile; fileRef = B5978FD31E3EE74A00BEAFDF /* VCVernierView.swift */; };
		B5DD913D1E43684A00620010 /* smoke.png in Resources */ = {isa = PBXBuildFile; fileRef = B5DD913C1E43684A00620010 /* smoke.png */; };
		B5F710791E3CC35B007B44B6 /* AppDelegate.swift in Sources */ = {isa = PBXBuildFile; fileRef = B5F710781E3CC35B007B44B6 /* AppDelegate.swift */; };
		B5F7107E1E3CC35B007B44B6 /* Main.storyboard in Resources */ = {isa = PBXBuildFile; fileRef = B5F7107C1E3CC35B007B44B6 /* Main.storyboard */; };
		B5F710801E3CC35B007B44B6 /* Assets.xcassets in Resources */ = {isa = PBXBuildFile; fileRef = B5F7107F1E3CC35B007B44B6 /* Assets.xcassets */; };
		B5F710831E3CC35B007B44B6 /* LaunchScreen.storyboard in Resources */ = {isa = PBXBuildFile; fileRef = B5F710811E3CC35B007B44B6 /* LaunchScreen.storyboard */; };
		B5F7108E1E3CC35C007B44B6 /* VernierCaliper2Tests.swift in Sources */ = {isa = PBXBuildFile; fileRef = B5F7108D1E3CC35C007B44B6 /* VernierCaliper2Tests.swift */; };
		B5F710991E3CC35C007B44B6 /* VernierCaliper2UITests.swift in Sources */ = {isa = PBXBuildFile; fileRef = B5F710981E3CC35C007B44B6 /* VernierCaliper2UITests.swift */; };
		B5F710A91E3DECC5007B44B6 /* VCInputBar.xib in Resources */ = {isa = PBXBuildFile; fileRef = B5F710A81E3DECC5007B44B6 /* VCInputBar.xib */; };
		B5F710AB1E3DED12007B44B6 /* VCInputBar.swift in Sources */ = {isa = PBXBuildFile; fileRef = B5F710AA1E3DED12007B44B6 /* VCInputBar.swift */; };
/* End PBXBuildFile section */

/* Begin PBXContainerItemProxy section */
		B5F7108A1E3CC35C007B44B6 /* PBXContainerItemProxy */ = {
			isa = PBXContainerItemProxy;
			containerPortal = B5F7106D1E3CC35B007B44B6 /* Project object */;
			proxyType = 1;
			remoteGlobalIDString = B5F710741E3CC35B007B44B6;
			remoteInfo = VernierCaliper2;
		};
		B5F710951E3CC35C007B44B6 /* PBXContainerItemProxy */ = {
			isa = PBXContainerItemProxy;
			containerPortal = B5F7106D1E3CC35B007B44B6 /* Project object */;
			proxyType = 1;
			remoteGlobalIDString = B5F710741E3CC35B007B44B6;
			remoteInfo = VernierCaliper2;
		};
/* End PBXContainerItemProxy section */

/* Begin PBXFileReference section */
		B52093581E463E6800618C60 /* harp.mp3 */ = {isa = PBXFileReference; lastKnownFileType = audio.mp3; path = harp.mp3; sourceTree = "<group>"; };
		B52093591E463E6800618C60 /* ding.mp3 */ = {isa = PBXFileReference; lastKnownFileType = audio.mp3; path = ding.mp3; sourceTree = "<group>"; };
		B520935A1E463E6800618C60 /* buzzer.mp3 */ = {isa = PBXFileReference; lastKnownFileType = audio.mp3; path = buzzer.mp3; sourceTree = "<group>"; };
		B520935B1E463E6800618C60 /* alarm.mp3 */ = {isa = PBXFileReference; lastKnownFileType = audio.mp3; path = alarm.mp3; sourceTree = "<group>"; };
		B52093631E463F3F00618C60 /* tick.mp3 */ = {isa = PBXFileReference; lastKnownFileType = audio.mp3; path = tick.mp3; sourceTree = "<group>"; };
		B52093661E46E04100618C60 /* GameKit.framework */ = {isa = PBXFileReference; lastKnownFileType = wrapper.framework; name = GameKit.framework; path = System/Library/Frameworks/GameKit.framework; sourceTree = SDKROOT; };
		B5978FCF1E3E39F400BEAFDF /* VCBackgroundView.swift */ = {isa = PBXFileReference; fileEncoding = 4; lastKnownFileType = sourcecode.swift; path = VCBackgroundView.swift; sourceTree = "<group>"; };
		B5978FD11E3E467E00BEAFDF /* VCAppController.swift */ = {isa = PBXFileReference; fileEncoding = 4; lastKnownFileType = sourcecode.swift; path = VCAppController.swift; sourceTree = "<group>"; };
		B5978FD31E3EE74A00BEAFDF /* VCVernierView.swift */ = {isa = PBXFileReference; fileEncoding = 4; lastKnownFileType = sourcecode.swift; path = VCVernierView.swift; sourceTree = "<group>"; };
		B5DD913C1E43684A00620010 /* smoke.png */ = {isa = PBXFileReference; lastKnownFileType = image.png; path = smoke.png; sourceTree = "<group>"; };
		B5F710751E3CC35B007B44B6 /* VernierCaliper2.app */ = {isa = PBXFileReference; explicitFileType = wrapper.application; includeInIndex = 0; path = VernierCaliper2.app; sourceTree = BUILT_PRODUCTS_DIR; };
		B5F710781E3CC35B007B44B6 /* AppDelegate.swift */ = {isa = PBXFileReference; lastKnownFileType = sourcecode.swift; path = AppDelegate.swift; sourceTree = "<group>"; };
		B5F7107D1E3CC35B007B44B6 /* Base */ = {isa = PBXFileReference; lastKnownFileType = file.storyboard; name = Base; path = Base.lproj/Main.storyboard; sourceTree = "<group>"; };
		B5F7107F1E3CC35B007B44B6 /* Assets.xcassets */ = {isa = PBXFileReference; lastKnownFileType = folder.assetcatalog; path = Assets.xcassets; sourceTree = "<group>"; };
		B5F710821E3CC35B007B44B6 /* Base */ = {isa = PBXFileReference; lastKnownFileType = file.storyboard; name = Base; path = Base.lproj/LaunchScreen.storyboard; sourceTree = "<group>"; };
		B5F710841E3CC35B007B44B6 /* Info.plist */ = {isa = PBXFileReference; lastKnownFileType = text.plist.xml; path = Info.plist; sourceTree = "<group>"; };
		B5F710891E3CC35C007B44B6 /* VernierCaliper2Tests.xctest */ = {isa = PBXFileReference; explicitFileType = wrapper.cfbundle; includeInIndex = 0; path = VernierCaliper2Tests.xctest; sourceTree = BUILT_PRODUCTS_DIR; };
		B5F7108D1E3CC35C007B44B6 /* VernierCaliper2Tests.swift */ = {isa = PBXFileReference; lastKnownFileType = sourcecode.swift; path = VernierCaliper2Tests.swift; sourceTree = "<group>"; };
		B5F7108F1E3CC35C007B44B6 /* Info.plist */ = {isa = PBXFileReference; lastKnownFileType = text.plist.xml; path = Info.plist; sourceTree = "<group>"; };
		B5F710941E3CC35C007B44B6 /* VernierCaliper2UITests.xctest */ = {isa = PBXFileReference; explicitFileType = wrapper.cfbundle; includeInIndex = 0; path = VernierCaliper2UITests.xctest; sourceTree = BUILT_PRODUCTS_DIR; };
		B5F710981E3CC35C007B44B6 /* VernierCaliper2UITests.swift */ = {isa = PBXFileReference; lastKnownFileType = sourcecode.swift; path = VernierCaliper2UITests.swift; sourceTree = "<group>"; };
		B5F7109A1E3CC35C007B44B6 /* Info.plist */ = {isa = PBXFileReference; lastKnownFileType = text.plist.xml; path = Info.plist; sourceTree = "<group>"; };
		B5F710A81E3DECC5007B44B6 /* VCInputBar.xib */ = {isa = PBXFileReference; fileEncoding = 4; lastKnownFileType = file.xib; path = VCInputBar.xib; sourceTree = "<group>"; };
		B5F710AA1E3DED12007B44B6 /* VCInputBar.swift */ = {isa = PBXFileReference; fileEncoding = 4; lastKnownFileType = sourcecode.swift; path = VCInputBar.swift; sourceTree = "<group>"; };
/* End PBXFileReference section */

/* Begin PBXFrameworksBuildPhase section */
		B5F710721E3CC35B007B44B6 /* Frameworks */ = {
			isa = PBXFrameworksBuildPhase;
			buildActionMask = 2147483647;
			files = (
				B52093671E46E04100618C60 /* GameKit.framework in Frameworks */,
			);
			runOnlyForDeploymentPostprocessing = 0;
		};
		B5F710861E3CC35C007B44B6 /* Frameworks */ = {
			isa = PBXFrameworksBuildPhase;
			buildActionMask = 2147483647;
			files = (
			);
			runOnlyForDeploymentPostprocessing = 0;
		};
		B5F710911E3CC35C007B44B6 /* Frameworks */ = {
			isa = PBXFrameworksBuildPhase;
			buildActionMask = 2147483647;
			files = (
			);
			runOnlyForDeploymentPostprocessing = 0;
		};
/* End PBXFrameworksBuildPhase section */

/* Begin PBXGroup section */
		B52093651E46E04100618C60 /* Frameworks */ = {
			isa = PBXGroup;
			children = (
				B52093661E46E04100618C60 /* GameKit.framework */,
			);
			name = Frameworks;
			sourceTree = "<group>";
		};
		B5F7106C1E3CC35B007B44B6 = {
			isa = PBXGroup;
			children = (
				B5F710771E3CC35B007B44B6 /* VernierCaliper2 */,
				B5F7108C1E3CC35C007B44B6 /* VernierCaliper2Tests */,
				B5F710971E3CC35C007B44B6 /* VernierCaliper2UITests */,
				B5F710761E3CC35B007B44B6 /* Products */,
				B52093651E46E04100618C60 /* Frameworks */,
			);
			sourceTree = "<group>";
		};
		B5F710761E3CC35B007B44B6 /* Products */ = {
			isa = PBXGroup;
			children = (
				B5F710751E3CC35B007B44B6 /* VernierCaliper2.app */,
				B5F710891E3CC35C007B44B6 /* VernierCaliper2Tests.xctest */,
				B5F710941E3CC35C007B44B6 /* VernierCaliper2UITests.xctest */,
			);
			name = Products;
			sourceTree = "<group>";
		};
		B5F710771E3CC35B007B44B6 /* VernierCaliper2 */ = {
			isa = PBXGroup;
			children = (
				B520935B1E463E6800618C60 /* alarm.mp3 */,
				B5F710781E3CC35B007B44B6 /* AppDelegate.swift */,
				B5F7107F1E3CC35B007B44B6 /* Assets.xcassets */,
				B520935A1E463E6800618C60 /* buzzer.mp3 */,
				B52093591E463E6800618C60 /* ding.mp3 */,
				B52093581E463E6800618C60 /* harp.mp3 */,
				B5F710841E3CC35B007B44B6 /* Info.plist */,
				B5F710811E3CC35B007B44B6 /* LaunchScreen.storyboard */,
				B5F7107C1E3CC35B007B44B6 /* Main.storyboard */,
				B5DD913C1E43684A00620010 /* smoke.png */,
				B52093631E463F3F00618C60 /* tick.mp3 */,
				B5978FD11E3E467E00BEAFDF /* VCAppController.swift */,
				B5978FCF1E3E39F400BEAFDF /* VCBackgroundView.swift */,
				B5F710AA1E3DED12007B44B6 /* VCInputBar.swift */,
				B5F710A81E3DECC5007B44B6 /* VCInputBar.xib */,
				B5978FD31E3EE74A00BEAFDF /* VCVernierView.swift */,
			);
			path = VernierCaliper2;
			sourceTree = "<group>";
		};
		B5F7108C1E3CC35C007B44B6 /* VernierCaliper2Tests */ = {
			isa = PBXGroup;
			children = (
				B5F7108D1E3CC35C007B44B6 /* VernierCaliper2Tests.swift */,
				B5F7108F1E3CC35C007B44B6 /* Info.plist */,
			);
			path = VernierCaliper2Tests;
			sourceTree = "<group>";
		};
		B5F710971E3CC35C007B44B6 /* VernierCaliper2UITests */ = {
			isa = PBXGroup;
			children = (
				B5F710981E3CC35C007B44B6 /* VernierCaliper2UITests.swift */,
				B5F7109A1E3CC35C007B44B6 /* Info.plist */,
			);
			path = VernierCaliper2UITests;
			sourceTree = "<group>";
		};
/* End PBXGroup section */

/* Begin PBXNativeTarget section */
		B5F710741E3CC35B007B44B6 /* VernierCaliper2 */ = {
			isa = PBXNativeTarget;
			buildConfigurationList = B5F7109D1E3CC35C007B44B6 /* Build configuration list for PBXNativeTarget "VernierCaliper2" */;
			buildPhases = (
				B5F710711E3CC35B007B44B6 /* Sources */,
				B5F710721E3CC35B007B44B6 /* Frameworks */,
				B5F710731E3CC35B007B44B6 /* Resources */,
			);
			buildRules = (
			);
			dependencies = (
			);
			name = VernierCaliper2;
			productName = VernierCaliper2;
			productReference = B5F710751E3CC35B007B44B6 /* VernierCaliper2.app */;
			productType = "com.apple.product-type.application";
		};
		B5F710881E3CC35C007B44B6 /* VernierCaliper2Tests */ = {
			isa = PBXNativeTarget;
			buildConfigurationList = B5F710A01E3CC35C007B44B6 /* Build configuration list for PBXNativeTarget "VernierCaliper2Tests" */;
			buildPhases = (
				B5F710851E3CC35C007B44B6 /* Sources */,
				B5F710861E3CC35C007B44B6 /* Frameworks */,
				B5F710871E3CC35C007B44B6 /* Resources */,
			);
			buildRules = (
			);
			dependencies = (
				B5F7108B1E3CC35C007B44B6 /* PBXTargetDependency */,
			);
			name = VernierCaliper2Tests;
			productName = VernierCaliper2Tests;
			productReference = B5F710891E3CC35C007B44B6 /* VernierCaliper2Tests.xctest */;
			productType = "com.apple.product-type.bundle.unit-test";
		};
		B5F710931E3CC35C007B44B6 /* VernierCaliper2UITests */ = {
			isa = PBXNativeTarget;
			buildConfigurationList = B5F710A31E3CC35C007B44B6 /* Build configuration list for PBXNativeTarget "VernierCaliper2UITests" */;
			buildPhases = (
				B5F710901E3CC35C007B44B6 /* Sources */,
				B5F710911E3CC35C007B44B6 /* Frameworks */,
				B5F710921E3CC35C007B44B6 /* Resources */,
			);
			buildRules = (
			);
			dependencies = (
				B5F710961E3CC35C007B44B6 /* PBXTargetDependency */,
			);
			name = VernierCaliper2UITests;
			productName = VernierCaliper2UITests;
			productReference = B5F710941E3CC35C007B44B6 /* VernierCaliper2UITests.xctest */;
			productType = "com.apple.product-type.bundle.ui-testing";
		};
/* End PBXNativeTarget section */

/* Begin PBXProject section */
		B5F7106D1E3CC35B007B44B6 /* Project object */ = {
			isa = PBXProject;
			attributes = {
				LastSwiftUpdateCheck = 0820;
				LastUpgradeCheck = 0820;
				ORGANIZATIONNAME = "Jiun Wei Chia";
				TargetAttributes = {
					B5F710741E3CC35B007B44B6 = {
						CreatedOnToolsVersion = 8.2.1;
						DevelopmentTeam = UGL258VAKZ;
						ProvisioningStyle = Automatic;
						SystemCapabilities = {
							com.apple.GameCenter = {
								enabled = 1;
							};
						};
					};
					B5F710881E3CC35C007B44B6 = {
						CreatedOnToolsVersion = 8.2.1;
						DevelopmentTeam = UGL258VAKZ;
						ProvisioningStyle = Automatic;
						TestTargetID = B5F710741E3CC35B007B44B6;
					};
					B5F710931E3CC35C007B44B6 = {
						CreatedOnToolsVersion = 8.2.1;
						DevelopmentTeam = UGL258VAKZ;
						ProvisioningStyle = Automatic;
						TestTargetID = B5F710741E3CC35B007B44B6;
					};
				};
			};
			buildConfigurationList = B5F710701E3CC35B007B44B6 /* Build configuration list for PBXProject "VernierCaliper2" */;
			compatibilityVersion = "Xcode 3.2";
			developmentRegion = English;
			hasScannedForEncodings = 0;
			knownRegions = (
				en,
				Base,
			);
			mainGroup = B5F7106C1E3CC35B007B44B6;
			productRefGroup = B5F710761E3CC35B007B44B6 /* Products */;
			projectDirPath = "";
			projectRoot = "";
			targets = (
				B5F710741E3CC35B007B44B6 /* VernierCaliper2 */,
				B5F710881E3CC35C007B44B6 /* VernierCaliper2Tests */,
				B5F710931E3CC35C007B44B6 /* VernierCaliper2UITests */,
			);
		};
/* End PBXProject section */

/* Begin PBXResourcesBuildPhase section */
		B5F710731E3CC35B007B44B6 /* Resources */ = {
			isa = PBXResourcesBuildPhase;
			buildActionMask = 2147483647;
			files = (
				B520935E1E463E6800618C60 /* ding.mp3 in Resources */,
				B52093641E463F3F00618C60 /* tick.mp3 in Resources */,
				B5F710831E3CC35B007B44B6 /* LaunchScreen.storyboard in Resources */,
				B520935F1E463E6800618C60 /* buzzer.mp3 in Resources */,
				B5F710A91E3DECC5007B44B6 /* VCInputBar.xib in Resources */,
				B52093601E463E6800618C60 /* alarm.mp3 in Resources */,
				B520935D1E463E6800618C60 /* harp.mp3 in Resources */,
				B5DD913D1E43684A00620010 /* smoke.png in Resources */,
				B5F710801E3CC35B007B44B6 /* Assets.xcassets in Resources */,
				B5F7107E1E3CC35B007B44B6 /* Main.storyboard in Resources */,
			);
			runOnlyForDeploymentPostprocessing = 0;
		};
		B5F710871E3CC35C007B44B6 /* Resources */ = {
			isa = PBXResourcesBuildPhase;
			buildActionMask = 2147483647;
			files = (
			);
			runOnlyForDeploymentPostprocessing = 0;
		};
		B5F710921E3CC35C007B44B6 /* Resources */ = {
			isa = PBXResourcesBuildPhase;
			buildActionMask = 2147483647;
			files = (
			);
			runOnlyForDeploymentPostprocessing = 0;
		};
/* End PBXResourcesBuildPhase section */

/* Begin PBXSourcesBuildPhase section */
		B5F710711E3CC35B007B44B6 /* Sources */ = {
			isa = PBXSourcesBuildPhase;
			buildActionMask = 2147483647;
			files = (
				B5978FD21E3E467E00BEAFDF /* VCAppController.swift in Sources */,
				B5F710AB1E3DED12007B44B6 /* VCInputBar.swift in Sources */,
				B5978FD01E3E39F400BEAFDF /* VCBackgroundView.swift in Sources */,
				B5978FD41E3EE74A00BEAFDF /* VCVernierView.swift in Sources */,
				B5F710791E3CC35B007B44B6 /* AppDelegate.swift in Sources */,
			);
			runOnlyForDeploymentPostprocessing = 0;
		};
		B5F710851E3CC35C007B44B6 /* Sources */ = {
			isa = PBXSourcesBuildPhase;
			buildActionMask = 2147483647;
			files = (
				B5F7108E1E3CC35C007B44B6 /* VernierCaliper2Tests.swift in Sources */,
			);
			runOnlyForDeploymentPostprocessing = 0;
		};
		B5F710901E3CC35C007B44B6 /* Sources */ = {
			isa = PBXSourcesBuildPhase;
			buildActionMask = 2147483647;
			files = (
				B5F710991E3CC35C007B44B6 /* VernierCaliper2UITests.swift in Sources */,
			);
			runOnlyForDeploymentPostprocessing = 0;
		};
/* End PBXSourcesBuildPhase section */

/* Begin PBXTargetDependency section */
		B5F7108B1E3CC35C007B44B6 /* PBXTargetDependency */ = {
			isa = PBXTargetDependency;
			target = B5F710741E3CC35B007B44B6 /* VernierCaliper2 */;
			targetProxy = B5F7108A1E3CC35C007B44B6 /* PBXContainerItemProxy */;
		};
		B5F710961E3CC35C007B44B6 /* PBXTargetDependency */ = {
			isa = PBXTargetDependency;
			target = B5F710741E3CC35B007B44B6 /* VernierCaliper2 */;
			targetProxy = B5F710951E3CC35C007B44B6 /* PBXContainerItemProxy */;
		};
/* End PBXTargetDependency section */

/* Begin PBXVariantGroup section */
		B5F7107C1E3CC35B007B44B6 /* Main.storyboard */ = {
			isa = PBXVariantGroup;
			children = (
				B5F7107D1E3CC35B007B44B6 /* Base */,
			);
			name = Main.storyboard;
			sourceTree = "<group>";
		};
		B5F710811E3CC35B007B44B6 /* LaunchScreen.storyboard */ = {
			isa = PBXVariantGroup;
			children = (
				B5F710821E3CC35B007B44B6 /* Base */,
			);
			name = LaunchScreen.storyboard;
			sourceTree = "<group>";
		};
/* End PBXVariantGroup section */

/* Begin XCBuildConfiguration section */
		B5F7109B1E3CC35C007B44B6 /* Debug */ = {
			isa = XCBuildConfiguration;
			buildSettings = {
				ALWAYS_SEARCH_USER_PATHS = NO;
				CLANG_ANALYZER_NONNULL = YES;
				CLANG_CXX_LANGUAGE_STANDARD = "gnu++0x";
				CLANG_CXX_LIBRARY = "libc++";
				CLANG_ENABLE_MODULES = YES;
				CLANG_ENABLE_OBJC_ARC = YES;
				CLANG_WARN_BOOL_CONVERSION = YES;
				CLANG_WARN_CONSTANT_CONVERSION = YES;
				CLANG_WARN_DIRECT_OBJC_ISA_USAGE = YES_ERROR;
				CLANG_WARN_DOCUMENTATION_COMMENTS = YES;
				CLANG_WARN_EMPTY_BODY = YES;
				CLANG_WARN_ENUM_CONVERSION = YES;
				CLANG_WARN_INFINITE_RECURSION = YES;
				CLANG_WARN_INT_CONVERSION = YES;
				CLANG_WARN_OBJC_ROOT_CLASS = YES_ERROR;
				CLANG_WARN_SUSPICIOUS_MOVE = YES;
				CLANG_WARN_UNREACHABLE_CODE = YES;
				CLANG_WARN__DUPLICATE_METHOD_MATCH = YES;
				"CODE_SIGN_IDENTITY[sdk=iphoneos*]" = "iPhone Developer";
				COPY_PHASE_STRIP = NO;
				DEBUG_INFORMATION_FORMAT = dwarf;
				ENABLE_STRICT_OBJC_MSGSEND = YES;
				ENABLE_TESTABILITY = YES;
				GCC_C_LANGUAGE_STANDARD = gnu99;
				GCC_DYNAMIC_NO_PIC = NO;
				GCC_NO_COMMON_BLOCKS = YES;
				GCC_OPTIMIZATION_LEVEL = 0;
				GCC_PREPROCESSOR_DEFINITIONS = (
					"DEBUG=1",
					"$(inherited)",
				);
				GCC_WARN_64_TO_32_BIT_CONVERSION = YES;
				GCC_WARN_ABOUT_RETURN_TYPE = YES_ERROR;
				GCC_WARN_UNDECLARED_SELECTOR = YES;
				GCC_WARN_UNINITIALIZED_AUTOS = YES_AGGRESSIVE;
				GCC_WARN_UNUSED_FUNCTION = YES;
				GCC_WARN_UNUSED_VARIABLE = YES;
				IPHONEOS_DEPLOYMENT_TARGET = 10.2;
				MTL_ENABLE_DEBUG_INFO = YES;
				ONLY_ACTIVE_ARCH = YES;
				SDKROOT = iphoneos;
				SWIFT_ACTIVE_COMPILATION_CONDITIONS = DEBUG;
				SWIFT_OPTIMIZATION_LEVEL = "-Onone";
				TARGETED_DEVICE_FAMILY = "1,2";
			};
			name = Debug;
		};
		B5F7109C1E3CC35C007B44B6 /* Release */ = {
			isa = XCBuildConfiguration;
			buildSettings = {
				ALWAYS_SEARCH_USER_PATHS = NO;
				CLANG_ANALYZER_NONNULL = YES;
				CLANG_CXX_LANGUAGE_STANDARD = "gnu++0x";
				CLANG_CXX_LIBRARY = "libc++";
				CLANG_ENABLE_MODULES = YES;
				CLANG_ENABLE_OBJC_ARC = YES;
				CLANG_WARN_BOOL_CONVERSION = YES;
				CLANG_WARN_CONSTANT_CONVERSION = YES;
				CLANG_WARN_DIRECT_OBJC_ISA_USAGE = YES_ERROR;
				CLANG_WARN_DOCUMENTATION_COMMENTS = YES;
				CLANG_WARN_EMPTY_BODY = YES;
				CLANG_WARN_ENUM_CONVERSION = YES;
				CLANG_WARN_INFINITE_RECURSION = YES;
				CLANG_WARN_INT_CONVERSION = YES;
				CLANG_WARN_OBJC_ROOT_CLASS = YES_ERROR;
				CLANG_WARN_SUSPICIOUS_MOVE = YES;
				CLANG_WARN_UNREACHABLE_CODE = YES;
				CLANG_WARN__DUPLICATE_METHOD_MATCH = YES;
				"CODE_SIGN_IDENTITY[sdk=iphoneos*]" = "iPhone Developer";
				COPY_PHASE_STRIP = NO;
				DEBUG_INFORMATION_FORMAT = "dwarf-with-dsym";
				ENABLE_NS_ASSERTIONS = NO;
				ENABLE_STRICT_OBJC_MSGSEND = YES;
				GCC_C_LANGUAGE_STANDARD = gnu99;
				GCC_NO_COMMON_BLOCKS = YES;
				GCC_WARN_64_TO_32_BIT_CONVERSION = YES;
				GCC_WARN_ABOUT_RETURN_TYPE = YES_ERROR;
				GCC_WARN_UNDECLARED_SELECTOR = YES;
				GCC_WARN_UNINITIALIZED_AUTOS = YES_AGGRESSIVE;
				GCC_WARN_UNUSED_FUNCTION = YES;
				GCC_WARN_UNUSED_VARIABLE = YES;
				IPHONEOS_DEPLOYMENT_TARGET = 10.2;
				MTL_ENABLE_DEBUG_INFO = NO;
				SDKROOT = iphoneos;
				SWIFT_OPTIMIZATION_LEVEL = "-Owholemodule";
				TARGETED_DEVICE_FAMILY = "1,2";
				VALIDATE_PRODUCT = YES;
			};
			name = Release;
		};
		B5F7109E1E3CC35C007B44B6 /* Debug */ = {
			isa = XCBuildConfiguration;
			buildSettings = {
				ASSETCATALOG_COMPILER_APPICON_NAME = AppIcon;
				DEVELOPMENT_TEAM = UGL258VAKZ;
				INFOPLIST_FILE = VernierCaliper2/Info.plist;
				LD_RUNPATH_SEARCH_PATHS = "$(inherited) @executable_path/Frameworks";
				PRODUCT_BUNDLE_IDENTIFIER = org.friendsonly.VernierCaliper2;
				PRODUCT_NAME = "$(TARGET_NAME)";
				SWIFT_VERSION = 3.0;
			};
			name = Debug;
		};
		B5F7109F1E3CC35C007B44B6 /* Release */ = {
			isa = XCBuildConfiguration;
			buildSettings = {
				ASSETCATALOG_COMPILER_APPICON_NAME = AppIcon;
				DEVELOPMENT_TEAM = UGL258VAKZ;
				INFOPLIST_FILE = VernierCaliper2/Info.plist;
				LD_RUNPATH_SEARCH_PATHS = "$(inherited) @executable_path/Frameworks";
				PRODUCT_BUNDLE_IDENTIFIER = org.friendsonly.VernierCaliper2;
				PRODUCT_NAME = "$(TARGET_NAME)";
				SWIFT_VERSION = 3.0;
			};
			name = Release;
		};
		B5F710A11E3CC35C007B44B6 /* Debug */ = {
			isa = XCBuildConfiguration;
			buildSettings = {
				ALWAYS_EMBED_SWIFT_STANDARD_LIBRARIES = YES;
				BUNDLE_LOADER = "$(TEST_HOST)";
				DEVELOPMENT_TEAM = UGL258VAKZ;
				INFOPLIST_FILE = VernierCaliper2Tests/Info.plist;
				LD_RUNPATH_SEARCH_PATHS = "$(inherited) @executable_path/Frameworks @loader_path/Frameworks";
				PRODUCT_BUNDLE_IDENTIFIER = org.friendsonly.VernierCaliper2Tests;
				PRODUCT_NAME = "$(TARGET_NAME)";
				SWIFT_VERSION = 3.0;
				TEST_HOST = "$(BUILT_PRODUCTS_DIR)/VernierCaliper2.app/VernierCaliper2";
			};
			name = Debug;
		};
		B5F710A21E3CC35C007B44B6 /* Release */ = {
			isa = XCBuildConfiguration;
			buildSettings = {
				ALWAYS_EMBED_SWIFT_STANDARD_LIBRARIES = YES;
				BUNDLE_LOADER = "$(TEST_HOST)";
				DEVELOPMENT_TEAM = UGL258VAKZ;
				INFOPLIST_FILE = VernierCaliper2Tests/Info.plist;
				LD_RUNPATH_SEARCH_PATHS = "$(inherited) @executable_path/Frameworks @loader_path/Frameworks";
				PRODUCT_BUNDLE_IDENTIFIER = org.friendsonly.VernierCaliper2Tests;
				PRODUCT_NAME = "$(TARGET_NAME)";
				SWIFT_VERSION = 3.0;
				TEST_HOST = "$(BUILT_PRODUCTS_DIR)/VernierCaliper2.app/VernierCaliper2";
			};
			name = Release;
		};
		B5F710A41E3CC35C007B44B6 /* Debug */ = {
			isa = XCBuildConfiguration;
			buildSettings = {
				ALWAYS_EMBED_SWIFT_STANDARD_LIBRARIES = YES;
				DEVELOPMENT_TEAM = UGL258VAKZ;
				INFOPLIST_FILE = VernierCaliper2UITests/Info.plist;
				LD_RUNPATH_SEARCH_PATHS = "$(inherited) @executable_path/Frameworks @loader_path/Frameworks";
				PRODUCT_BUNDLE_IDENTIFIER = org.friendsonly.VernierCaliper2UITests;
				PRODUCT_NAME = "$(TARGET_NAME)";
				SWIFT_VERSION = 3.0;
				TEST_TARGET_NAME = VernierCaliper2;
			};
			name = Debug;
		};
		B5F710A51E3CC35C007B44B6 /* Release */ = {
			isa = XCBuildConfiguration;
			buildSettings = {
				ALWAYS_EMBED_SWIFT_STANDARD_LIBRARIES = YES;
				DEVELOPMENT_TEAM = UGL258VAKZ;
				INFOPLIST_FILE = VernierCaliper2UITests/Info.plist;
				LD_RUNPATH_SEARCH_PATHS = "$(inherited) @executable_path/Frameworks @loader_path/Frameworks";
				PRODUCT_BUNDLE_IDENTIFIER = org.friendsonly.VernierCaliper2UITests;
				PRODUCT_NAME = "$(TARGET_NAME)";
				SWIFT_VERSION = 3.0;
				TEST_TARGET_NAME = VernierCaliper2;
			};
			name = Release;
		};
/* End XCBuildConfiguration section */

/* Begin XCConfigurationList section */
		B5F710701E3CC35B007B44B6 /* Build configuration list for PBXProject "VernierCaliper2" */ = {
			isa = XCConfigurationList;
			buildConfigurations = (
				B5F7109B1E3CC35C007B44B6 /* Debug */,
				B5F7109C1E3CC35C007B44B6 /* Release */,
			);
			defaultConfigurationIsVisible = 0;
			defaultConfigurationName = Release;
		};
		B5F7109D1E3CC35C007B44B6 /* Build configuration list for PBXNativeTarget "VernierCaliper2" */ = {
			isa = XCConfigurationList;
			buildConfigurations = (
				B5F7109E1E3CC35C007B44B6 /* Debug */,
				B5F7109F1E3CC35C007B44B6 /* Release */,
			);
			defaultConfigurationIsVisible = 0;
			defaultConfigurationName = Release;
		};
		B5F710A01E3CC35C007B44B6 /* Build configuration list for PBXNativeTarget "VernierCaliper2Tests" */ = {
			isa = XCConfigurationList;
			buildConfigurations = (
				B5F710A11E3CC35C007B44B6 /* Debug */,
				B5F710A21E3CC35C007B44B6 /* Release */,
			);
			defaultConfigurationIsVisible = 0;
			defaultConfigurationName = Release;
		};
		B5F710A31E3CC35C007B44B6 /* Build configuration list for PBXNativeTarget "VernierCaliper2UITests" */ = {
			isa = XCConfigurationList;
			buildConfigurations = (
				B5F710A41E3CC35C007B44B6 /* Debug */,
				B5F710A51E3CC35C007B44B6 /* Release */,
			);
			defaultConfigurationIsVisible = 0;
			defaultConfigurationName = Release;
		};
/* End XCConfigurationList section */
	};
	rootObject = B5F7106D1E3CC35B007B44B6 /* Project object */;
}
